// !$*UTF8*$!
{
	archiveVersion = 1;
	classes = {
	};
	objectVersion = 56;
	objects = {

/* Begin PBXBuildFile section */
		770475382A482FE9003ACFD9 /* GoogleCloudController.swift in Sources */ = {isa = PBXBuildFile; fileRef = 770475372A482FE9003ACFD9 /* GoogleCloudController.swift */; };
		7704753A2A484A1F003ACFD9 /* CustomController.swift in Sources */ = {isa = PBXBuildFile; fileRef = 770475392A484A1F003ACFD9 /* CustomController.swift */; };
		770F32452A47684C00656025 /* MoodDetail.swift in Sources */ = {isa = PBXBuildFile; fileRef = 770F32442A47684C00656025 /* MoodDetail.swift */; };
		770F897C2A449986006C6509 /* Secrets.xcconfig in Resources */ = {isa = PBXBuildFile; fileRef = 770F897B2A449986006C6509 /* Secrets.xcconfig */; };
		770F89832A449ED4006C6509 /* MongoController.swift in Sources */ = {isa = PBXBuildFile; fileRef = 770F89822A449ED4006C6509 /* MongoController.swift */; };
		7712E9B82A438A51006B5142 /* AtlasGoogleCloudApp.swift in Sources */ = {isa = PBXBuildFile; fileRef = 7712E9B72A438A51006B5142 /* AtlasGoogleCloudApp.swift */; };
		7712E9BA2A438A51006B5142 /* ContentView.swift in Sources */ = {isa = PBXBuildFile; fileRef = 7712E9B92A438A51006B5142 /* ContentView.swift */; };
		7712E9BC2A438A52006B5142 /* Assets.xcassets in Resources */ = {isa = PBXBuildFile; fileRef = 7712E9BB2A438A52006B5142 /* Assets.xcassets */; };
		7712E9BF2A438A52006B5142 /* Preview Assets.xcassets in Resources */ = {isa = PBXBuildFile; fileRef = 7712E9BE2A438A52006B5142 /* Preview Assets.xcassets */; };
		7712E9C62A438AC1006B5142 /* WelcomeView.swift in Sources */ = {isa = PBXBuildFile; fileRef = 7712E9C52A438AC1006B5142 /* WelcomeView.swift */; };
		7712E9D32A438EF2006B5142 /* EBGaramond-Italic.otf in Resources */ = {isa = PBXBuildFile; fileRef = 7712E9D12A438EF2006B5142 /* EBGaramond-Italic.otf */; };
		7712E9D42A438EF2006B5142 /* EBGaramond-Regular.otf in Resources */ = {isa = PBXBuildFile; fileRef = 7712E9D22A438EF2006B5142 /* EBGaramond-Regular.otf */; };
		7712E9D72A4394AB006B5142 /* Authentication.swift in Sources */ = {isa = PBXBuildFile; fileRef = 7712E9D62A4394AB006B5142 /* Authentication.swift */; };
		773B263E2A44E80C0065D197 /* Models.swift in Sources */ = {isa = PBXBuildFile; fileRef = 773B263D2A44E80C0065D197 /* Models.swift */; };
		773B26422A44F8910065D197 /* DetailView.swift in Sources */ = {isa = PBXBuildFile; fileRef = 773B26412A44F8910065D197 /* DetailView.swift */; };
		77566C222A4AE07500AE3A04 /* SettingsView.swift in Sources */ = {isa = PBXBuildFile; fileRef = 77566C212A4AE07500AE3A04 /* SettingsView.swift */; };
		777F023E2A459A2C0056A392 /* KeychainAccess in Frameworks */ = {isa = PBXBuildFile; productRef = 777F023D2A459A2C0056A392 /* KeychainAccess */; };
		777F02402A45BB7B0056A392 /* HomeView.swift in Sources */ = {isa = PBXBuildFile; fileRef = 777F023F2A45BB7B0056A392 /* HomeView.swift */; };
		777F02442A45D87F0056A392 /* MainView.swift in Sources */ = {isa = PBXBuildFile; fileRef = 777F02432A45D87F0056A392 /* MainView.swift */; };
		777F02472A45DD070056A392 /* MoodView.swift in Sources */ = {isa = PBXBuildFile; fileRef = 777F02462A45DD070056A392 /* MoodView.swift */; };
/* End PBXBuildFile section */

/* Begin PBXFileReference section */
		770475372A482FE9003ACFD9 /* GoogleCloudController.swift */ = {isa = PBXFileReference; lastKnownFileType = sourcecode.swift; path = GoogleCloudController.swift; sourceTree = "<group>"; };
		770475392A484A1F003ACFD9 /* CustomController.swift */ = {isa = PBXFileReference; lastKnownFileType = sourcecode.swift; path = CustomController.swift; sourceTree = "<group>"; };
		770F32442A47684C00656025 /* MoodDetail.swift */ = {isa = PBXFileReference; lastKnownFileType = sourcecode.swift; path = MoodDetail.swift; sourceTree = "<group>"; };
		770F897B2A449986006C6509 /* Secrets.xcconfig */ = {isa = PBXFileReference; lastKnownFileType = text.xcconfig; path = Secrets.xcconfig; sourceTree = "<group>"; };
		770F89822A449ED4006C6509 /* MongoController.swift */ = {isa = PBXFileReference; lastKnownFileType = sourcecode.swift; path = MongoController.swift; sourceTree = "<group>"; };
		7712E9B42A438A51006B5142 /* AtlasGoogleCloud.app */ = {isa = PBXFileReference; explicitFileType = wrapper.application; includeInIndex = 0; path = AtlasGoogleCloud.app; sourceTree = BUILT_PRODUCTS_DIR; };
		7712E9B72A438A51006B5142 /* AtlasGoogleCloudApp.swift */ = {isa = PBXFileReference; lastKnownFileType = sourcecode.swift; path = AtlasGoogleCloudApp.swift; sourceTree = "<group>"; };
		7712E9B92A438A51006B5142 /* ContentView.swift */ = {isa = PBXFileReference; lastKnownFileType = sourcecode.swift; path = ContentView.swift; sourceTree = "<group>"; };
		7712E9BB2A438A52006B5142 /* Assets.xcassets */ = {isa = PBXFileReference; lastKnownFileType = folder.assetcatalog; path = Assets.xcassets; sourceTree = "<group>"; };
		7712E9BE2A438A52006B5142 /* Preview Assets.xcassets */ = {isa = PBXFileReference; lastKnownFileType = folder.assetcatalog; path = "Preview Assets.xcassets"; sourceTree = "<group>"; };
		7712E9C52A438AC1006B5142 /* WelcomeView.swift */ = {isa = PBXFileReference; lastKnownFileType = sourcecode.swift; path = WelcomeView.swift; sourceTree = "<group>"; };
		7712E9CC2A438CBE006B5142 /* Info.plist */ = {isa = PBXFileReference; lastKnownFileType = text.plist; path = Info.plist; sourceTree = "<group>"; };
		7712E9D12A438EF2006B5142 /* EBGaramond-Italic.otf */ = {isa = PBXFileReference; lastKnownFileType = file; path = "EBGaramond-Italic.otf"; sourceTree = "<group>"; };
		7712E9D22A438EF2006B5142 /* EBGaramond-Regular.otf */ = {isa = PBXFileReference; lastKnownFileType = file; path = "EBGaramond-Regular.otf"; sourceTree = "<group>"; };
		7712E9D62A4394AB006B5142 /* Authentication.swift */ = {isa = PBXFileReference; lastKnownFileType = sourcecode.swift; path = Authentication.swift; sourceTree = "<group>"; };
		773B263D2A44E80C0065D197 /* Models.swift */ = {isa = PBXFileReference; lastKnownFileType = sourcecode.swift; path = Models.swift; sourceTree = "<group>"; };
		773B26412A44F8910065D197 /* DetailView.swift */ = {isa = PBXFileReference; lastKnownFileType = sourcecode.swift; path = DetailView.swift; sourceTree = "<group>"; };
		77566C212A4AE07500AE3A04 /* SettingsView.swift */ = {isa = PBXFileReference; lastKnownFileType = sourcecode.swift; path = SettingsView.swift; sourceTree = "<group>"; };
		777F023F2A45BB7B0056A392 /* HomeView.swift */ = {isa = PBXFileReference; lastKnownFileType = sourcecode.swift; path = HomeView.swift; sourceTree = "<group>"; };
		777F02432A45D87F0056A392 /* MainView.swift */ = {isa = PBXFileReference; lastKnownFileType = sourcecode.swift; path = MainView.swift; sourceTree = "<group>"; };
		777F02462A45DD070056A392 /* MoodView.swift */ = {isa = PBXFileReference; lastKnownFileType = sourcecode.swift; path = MoodView.swift; sourceTree = "<group>"; };
/* End PBXFileReference section */

/* Begin PBXFrameworksBuildPhase section */
		7712E9B12A438A51006B5142 /* Frameworks */ = {
			isa = PBXFrameworksBuildPhase;
			buildActionMask = 2147483647;
			files = (
				777F023E2A459A2C0056A392 /* KeychainAccess in Frameworks */,
			);
			runOnlyForDeploymentPostprocessing = 0;
		};
/* End PBXFrameworksBuildPhase section */

/* Begin PBXGroup section */
		7712E9AB2A438A51006B5142 = {
			isa = PBXGroup;
			children = (
				770F897B2A449986006C6509 /* Secrets.xcconfig */,
				7712E9B62A438A51006B5142 /* AtlasGoogleCloud */,
				7712E9B52A438A51006B5142 /* Products */,
			);
			sourceTree = "<group>";
		};
		7712E9B52A438A51006B5142 /* Products */ = {
			isa = PBXGroup;
			children = (
				7712E9B42A438A51006B5142 /* AtlasGoogleCloud.app */,
			);
			name = Products;
			sourceTree = "<group>";
		};
		7712E9B62A438A51006B5142 /* AtlasGoogleCloud */ = {
			isa = PBXGroup;
			children = (
				773B263C2A44E7FD0065D197 /* Models */,
				7712E9CC2A438CBE006B5142 /* Info.plist */,
				7712E9C72A438C84006B5142 /* Resources */,
				7712E9B72A438A51006B5142 /* AtlasGoogleCloudApp.swift */,
				7712E9B92A438A51006B5142 /* ContentView.swift */,
				7712E9D12A438EF2006B5142 /* EBGaramond-Italic.otf */,
				7712E9D22A438EF2006B5142 /* EBGaramond-Regular.otf */,
				7712E9D52A439496006B5142 /* Views */,
				7712E9BB2A438A52006B5142 /* Assets.xcassets */,
				7712E9BD2A438A52006B5142 /* Preview Content */,
				7712E9D82A4394AF006B5142 /* Controllers */,
			);
			path = AtlasGoogleCloud;
			sourceTree = "<group>";
		};
		7712E9BD2A438A52006B5142 /* Preview Content */ = {
			isa = PBXGroup;
			children = (
				7712E9BE2A438A52006B5142 /* Preview Assets.xcassets */,
			);
			path = "Preview Content";
			sourceTree = "<group>";
		};
		7712E9C72A438C84006B5142 /* Resources */ = {
			isa = PBXGroup;
			children = (
			);
			path = Resources;
			sourceTree = "<group>";
		};
		7712E9D52A439496006B5142 /* Views */ = {
			isa = PBXGroup;
			children = (
				7712E9C52A438AC1006B5142 /* WelcomeView.swift */,
				773B26412A44F8910065D197 /* DetailView.swift */,
				777F023F2A45BB7B0056A392 /* HomeView.swift */,
				777F02452A45D8850056A392 /* Pages */,
			);
			path = Views;
			sourceTree = "<group>";
		};
		7712E9D82A4394AF006B5142 /* Controllers */ = {
			isa = PBXGroup;
			children = (
				7712E9D62A4394AB006B5142 /* Authentication.swift */,
				770F89822A449ED4006C6509 /* MongoController.swift */,
				770475372A482FE9003ACFD9 /* GoogleCloudController.swift */,
				770475392A484A1F003ACFD9 /* CustomController.swift */,
			);
			path = Controllers;
			sourceTree = "<group>";
		};
		773B263C2A44E7FD0065D197 /* Models */ = {
			isa = PBXGroup;
			children = (
				773B263D2A44E80C0065D197 /* Models.swift */,
			);
			path = Models;
			sourceTree = "<group>";
		};
		777F02452A45D8850056A392 /* Pages */ = {
			isa = PBXGroup;
			children = (
				777F02432A45D87F0056A392 /* MainView.swift */,
				777F02462A45DD070056A392 /* MoodView.swift */,
				770F32442A47684C00656025 /* MoodDetail.swift */,
				77566C212A4AE07500AE3A04 /* SettingsView.swift */,
			);
			path = Pages;
			sourceTree = "<group>";
		};
/* End PBXGroup section */

/* Begin PBXNativeTarget section */
		7712E9B32A438A51006B5142 /* AtlasGoogleCloud */ = {
			isa = PBXNativeTarget;
			buildConfigurationList = 7712E9C22A438A52006B5142 /* Build configuration list for PBXNativeTarget "AtlasGoogleCloud" */;
			buildPhases = (
				7712E9B02A438A51006B5142 /* Sources */,
				7712E9B12A438A51006B5142 /* Frameworks */,
				7712E9B22A438A51006B5142 /* Resources */,
			);
			buildRules = (
			);
			dependencies = (
			);
			name = AtlasGoogleCloud;
			packageProductDependencies = (
				777F023D2A459A2C0056A392 /* KeychainAccess */,
			);
			productName = AtlasGoogleCloud;
			productReference = 7712E9B42A438A51006B5142 /* AtlasGoogleCloud.app */;
			productType = "com.apple.product-type.application";
		};
/* End PBXNativeTarget section */

/* Begin PBXProject section */
		7712E9AC2A438A51006B5142 /* Project object */ = {
			isa = PBXProject;
			attributes = {
				BuildIndependentTargetsInParallel = 1;
				LastSwiftUpdateCheck = 1420;
				LastUpgradeCheck = 1420;
				TargetAttributes = {
					7712E9B32A438A51006B5142 = {
						CreatedOnToolsVersion = 14.2;
					};
				};
			};
			buildConfigurationList = 7712E9AF2A438A51006B5142 /* Build configuration list for PBXProject "AtlasGoogleCloud" */;
			compatibilityVersion = "Xcode 14.0";
			developmentRegion = en;
			hasScannedForEncodings = 0;
			knownRegions = (
				en,
				Base,
			);
			mainGroup = 7712E9AB2A438A51006B5142;
			packageReferences = (
				777F023C2A459A2C0056A392 /* XCRemoteSwiftPackageReference "KeychainAccess" */,
			);
			productRefGroup = 7712E9B52A438A51006B5142 /* Products */;
			projectDirPath = "";
			projectRoot = "";
			targets = (
				7712E9B32A438A51006B5142 /* AtlasGoogleCloud */,
			);
		};
/* End PBXProject section */

/* Begin PBXResourcesBuildPhase section */
		7712E9B22A438A51006B5142 /* Resources */ = {
			isa = PBXResourcesBuildPhase;
			buildActionMask = 2147483647;
			files = (
				7712E9BF2A438A52006B5142 /* Preview Assets.xcassets in Resources */,
				770F897C2A449986006C6509 /* Secrets.xcconfig in Resources */,
				7712E9D42A438EF2006B5142 /* EBGaramond-Regular.otf in Resources */,
				7712E9BC2A438A52006B5142 /* Assets.xcassets in Resources */,
				7712E9D32A438EF2006B5142 /* EBGaramond-Italic.otf in Resources */,
			);
			runOnlyForDeploymentPostprocessing = 0;
		};
/* End PBXResourcesBuildPhase section */

/* Begin PBXSourcesBuildPhase section */
		7712E9B02A438A51006B5142 /* Sources */ = {
			isa = PBXSourcesBuildPhase;
			buildActionMask = 2147483647;
			files = (
				770F89832A449ED4006C6509 /* MongoController.swift in Sources */,
				777F02442A45D87F0056A392 /* MainView.swift in Sources */,
				770475382A482FE9003ACFD9 /* GoogleCloudController.swift in Sources */,
				7712E9BA2A438A51006B5142 /* ContentView.swift in Sources */,
				7712E9C62A438AC1006B5142 /* WelcomeView.swift in Sources */,
				773B26422A44F8910065D197 /* DetailView.swift in Sources */,
				7704753A2A484A1F003ACFD9 /* CustomController.swift in Sources */,
				77566C222A4AE07500AE3A04 /* SettingsView.swift in Sources */,
				773B263E2A44E80C0065D197 /* Models.swift in Sources */,
				777F02402A45BB7B0056A392 /* HomeView.swift in Sources */,
				7712E9B82A438A51006B5142 /* AtlasGoogleCloudApp.swift in Sources */,
				7712E9D72A4394AB006B5142 /* Authentication.swift in Sources */,
				770F32452A47684C00656025 /* MoodDetail.swift in Sources */,
				777F02472A45DD070056A392 /* MoodView.swift in Sources */,
			);
			runOnlyForDeploymentPostprocessing = 0;
		};
/* End PBXSourcesBuildPhase section */

/* Begin XCBuildConfiguration section */
		7712E9C02A438A52006B5142 /* Debug */ = {
			isa = XCBuildConfiguration;
			baseConfigurationReference = 770F897B2A449986006C6509 /* Secrets.xcconfig */;
			buildSettings = {
				ALWAYS_SEARCH_USER_PATHS = NO;
				CLANG_ANALYZER_NONNULL = YES;
				CLANG_ANALYZER_NUMBER_OBJECT_CONVERSION = YES_AGGRESSIVE;
				CLANG_CXX_LANGUAGE_STANDARD = "gnu++20";
				CLANG_ENABLE_MODULES = YES;
				CLANG_ENABLE_OBJC_ARC = YES;
				CLANG_ENABLE_OBJC_WEAK = YES;
				CLANG_WARN_BLOCK_CAPTURE_AUTORELEASING = YES;
				CLANG_WARN_BOOL_CONVERSION = YES;
				CLANG_WARN_COMMA = YES;
				CLANG_WARN_CONSTANT_CONVERSION = YES;
				CLANG_WARN_DEPRECATED_OBJC_IMPLEMENTATIONS = YES;
				CLANG_WARN_DIRECT_OBJC_ISA_USAGE = YES_ERROR;
				CLANG_WARN_DOCUMENTATION_COMMENTS = YES;
				CLANG_WARN_EMPTY_BODY = YES;
				CLANG_WARN_ENUM_CONVERSION = YES;
				CLANG_WARN_INFINITE_RECURSION = YES;
				CLANG_WARN_INT_CONVERSION = YES;
				CLANG_WARN_NON_LITERAL_NULL_CONVERSION = YES;
				CLANG_WARN_OBJC_IMPLICIT_RETAIN_SELF = YES;
				CLANG_WARN_OBJC_LITERAL_CONVERSION = YES;
				CLANG_WARN_OBJC_ROOT_CLASS = YES_ERROR;
				CLANG_WARN_QUOTED_INCLUDE_IN_FRAMEWORK_HEADER = YES;
				CLANG_WARN_RANGE_LOOP_ANALYSIS = YES;
				CLANG_WARN_STRICT_PROTOTYPES = YES;
				CLANG_WARN_SUSPICIOUS_MOVE = YES;
				CLANG_WARN_UNGUARDED_AVAILABILITY = YES_AGGRESSIVE;
				CLANG_WARN_UNREACHABLE_CODE = YES;
				CLANG_WARN__DUPLICATE_METHOD_MATCH = YES;
				COPY_PHASE_STRIP = NO;
				DEBUG_INFORMATION_FORMAT = dwarf;
				ENABLE_STRICT_OBJC_MSGSEND = YES;
				ENABLE_TESTABILITY = YES;
				GCC_C_LANGUAGE_STANDARD = gnu11;
				GCC_DYNAMIC_NO_PIC = NO;
				GCC_NO_COMMON_BLOCKS = YES;
				GCC_OPTIMIZATION_LEVEL = 0;
				GCC_PREPROCESSOR_DEFINITIONS = (
					"DEBUG=1",
					"$(inherited)",
				);
				GCC_WARN_64_TO_32_BIT_CONVERSION = YES;
				GCC_WARN_ABOUT_RETURN_TYPE = YES_ERROR;
				GCC_WARN_UNDECLARED_SELECTOR = YES;
				GCC_WARN_UNINITIALIZED_AUTOS = YES_AGGRESSIVE;
				GCC_WARN_UNUSED_FUNCTION = YES;
				GCC_WARN_UNUSED_VARIABLE = YES;
				IPHONEOS_DEPLOYMENT_TARGET = 16.2;
				MTL_ENABLE_DEBUG_INFO = INCLUDE_SOURCE;
				MTL_FAST_MATH = YES;
				ONLY_ACTIVE_ARCH = YES;
				SDKROOT = iphoneos;
				SWIFT_ACTIVE_COMPILATION_CONDITIONS = DEBUG;
				SWIFT_OPTIMIZATION_LEVEL = "-Onone";
			};
			name = Debug;
		};
		7712E9C12A438A52006B5142 /* Release */ = {
			isa = XCBuildConfiguration;
			baseConfigurationReference = 770F897B2A449986006C6509 /* Secrets.xcconfig */;
			buildSettings = {
				ALWAYS_SEARCH_USER_PATHS = NO;
				CLANG_ANALYZER_NONNULL = YES;
				CLANG_ANALYZER_NUMBER_OBJECT_CONVERSION = YES_AGGRESSIVE;
				CLANG_CXX_LANGUAGE_STANDARD = "gnu++20";
				CLANG_ENABLE_MODULES = YES;
				CLANG_ENABLE_OBJC_ARC = YES;
				CLANG_ENABLE_OBJC_WEAK = YES;
				CLANG_WARN_BLOCK_CAPTURE_AUTORELEASING = YES;
				CLANG_WARN_BOOL_CONVERSION = YES;
				CLANG_WARN_COMMA = YES;
				CLANG_WARN_CONSTANT_CONVERSION = YES;
				CLANG_WARN_DEPRECATED_OBJC_IMPLEMENTATIONS = YES;
				CLANG_WARN_DIRECT_OBJC_ISA_USAGE = YES_ERROR;
				CLANG_WARN_DOCUMENTATION_COMMENTS = YES;
				CLANG_WARN_EMPTY_BODY = YES;
				CLANG_WARN_ENUM_CONVERSION = YES;
				CLANG_WARN_INFINITE_RECURSION = YES;
				CLANG_WARN_INT_CONVERSION = YES;
				CLANG_WARN_NON_LITERAL_NULL_CONVERSION = YES;
				CLANG_WARN_OBJC_IMPLICIT_RETAIN_SELF = YES;
				CLANG_WARN_OBJC_LITERAL_CONVERSION = YES;
				CLANG_WARN_OBJC_ROOT_CLASS = YES_ERROR;
				CLANG_WARN_QUOTED_INCLUDE_IN_FRAMEWORK_HEADER = YES;
				CLANG_WARN_RANGE_LOOP_ANALYSIS = YES;
				CLANG_WARN_STRICT_PROTOTYPES = YES;
				CLANG_WARN_SUSPICIOUS_MOVE = YES;
				CLANG_WARN_UNGUARDED_AVAILABILITY = YES_AGGRESSIVE;
				CLANG_WARN_UNREACHABLE_CODE = YES;
				CLANG_WARN__DUPLICATE_METHOD_MATCH = YES;
				COPY_PHASE_STRIP = NO;
				DEBUG_INFORMATION_FORMAT = "dwarf-with-dsym";
				ENABLE_NS_ASSERTIONS = NO;
				ENABLE_STRICT_OBJC_MSGSEND = YES;
				GCC_C_LANGUAGE_STANDARD = gnu11;
				GCC_NO_COMMON_BLOCKS = YES;
				GCC_WARN_64_TO_32_BIT_CONVERSION = YES;
				GCC_WARN_ABOUT_RETURN_TYPE = YES_ERROR;
				GCC_WARN_UNDECLARED_SELECTOR = YES;
				GCC_WARN_UNINITIALIZED_AUTOS = YES_AGGRESSIVE;
				GCC_WARN_UNUSED_FUNCTION = YES;
				GCC_WARN_UNUSED_VARIABLE = YES;
				IPHONEOS_DEPLOYMENT_TARGET = 16.2;
				MTL_ENABLE_DEBUG_INFO = NO;
				MTL_FAST_MATH = YES;
				SDKROOT = iphoneos;
				SWIFT_COMPILATION_MODE = wholemodule;
				SWIFT_OPTIMIZATION_LEVEL = "-O";
				VALIDATE_PRODUCT = YES;
			};
			name = Release;
		};
		7712E9C32A438A52006B5142 /* Debug */ = {
			isa = XCBuildConfiguration;
			buildSettings = {
				ASSETCATALOG_COMPILER_APPICON_NAME = AppIcon;
				ASSETCATALOG_COMPILER_GLOBAL_ACCENT_COLOR_NAME = AccentColor;
				CODE_SIGN_STYLE = Automatic;
				CURRENT_PROJECT_VERSION = 1;
				DEVELOPMENT_ASSET_PATHS = "\"AtlasGoogleCloud/Preview Content\"";
				DEVELOPMENT_TEAM = 548AU6WH8M;
				ENABLE_PREVIEWS = YES;
				GENERATE_INFOPLIST_FILE = YES;
				INFOPLIST_FILE = AtlasGoogleCloud/Info.plist;
				INFOPLIST_KEY_UIApplicationSceneManifest_Generation = YES;
				INFOPLIST_KEY_UIApplicationSupportsIndirectInputEvents = YES;
				INFOPLIST_KEY_UILaunchScreen_Generation = YES;
				INFOPLIST_KEY_UISupportedInterfaceOrientations_iPad = "UIInterfaceOrientationPortrait UIInterfaceOrientationPortraitUpsideDown UIInterfaceOrientationLandscapeLeft UIInterfaceOrientationLandscapeRight";
				INFOPLIST_KEY_UISupportedInterfaceOrientations_iPhone = "UIInterfaceOrientationPortrait UIInterfaceOrientationLandscapeLeft UIInterfaceOrientationLandscapeRight";
				LD_RUNPATH_SEARCH_PATHS = (
					"$(inherited)",
					"@executable_path/Frameworks",
				);
				MARKETING_VERSION = 1.0;
				PRODUCT_BUNDLE_IDENTIFIER = me.amey.AtlasGoogleCloud;
				PRODUCT_NAME = "$(TARGET_NAME)";
				SWIFT_EMIT_LOC_STRINGS = YES;
				SWIFT_VERSION = 5.0;
				TARGETED_DEVICE_FAMILY = "1,2";
			};
			name = Debug;
		};
		7712E9C42A438A52006B5142 /* Release */ = {
			isa = XCBuildConfiguration;
			buildSettings = {
				ASSETCATALOG_COMPILER_APPICON_NAME = AppIcon;
				ASSETCATALOG_COMPILER_GLOBAL_ACCENT_COLOR_NAME = AccentColor;
				CODE_SIGN_STYLE = Automatic;
				CURRENT_PROJECT_VERSION = 1;
				DEVELOPMENT_ASSET_PATHS = "\"AtlasGoogleCloud/Preview Content\"";
				DEVELOPMENT_TEAM = 548AU6WH8M;
				ENABLE_PREVIEWS = YES;
				GENERATE_INFOPLIST_FILE = YES;
				INFOPLIST_FILE = AtlasGoogleCloud/Info.plist;
				INFOPLIST_KEY_UIApplicationSceneManifest_Generation = YES;
				INFOPLIST_KEY_UIApplicationSupportsIndirectInputEvents = YES;
				INFOPLIST_KEY_UILaunchScreen_Generation = YES;
				INFOPLIST_KEY_UISupportedInterfaceOrientations_iPad = "UIInterfaceOrientationPortrait UIInterfaceOrientationPortraitUpsideDown UIInterfaceOrientationLandscapeLeft UIInterfaceOrientationLandscapeRight";
				INFOPLIST_KEY_UISupportedInterfaceOrientations_iPhone = "UIInterfaceOrientationPortrait UIInterfaceOrientationLandscapeLeft UIInterfaceOrientationLandscapeRight";
				LD_RUNPATH_SEARCH_PATHS = (
					"$(inherited)",
					"@executable_path/Frameworks",
				);
				MARKETING_VERSION = 1.0;
				PRODUCT_BUNDLE_IDENTIFIER = me.amey.AtlasGoogleCloud;
				PRODUCT_NAME = "$(TARGET_NAME)";
				SWIFT_EMIT_LOC_STRINGS = YES;
				SWIFT_VERSION = 5.0;
				TARGETED_DEVICE_FAMILY = "1,2";
			};
			name = Release;
		};
/* End XCBuildConfiguration section */

/* Begin XCConfigurationList section */
		7712E9AF2A438A51006B5142 /* Build configuration list for PBXProject "AtlasGoogleCloud" */ = {
			isa = XCConfigurationList;
			buildConfigurations = (
				7712E9C02A438A52006B5142 /* Debug */,
				7712E9C12A438A52006B5142 /* Release */,
			);
			defaultConfigurationIsVisible = 0;
			defaultConfigurationName = Debug;
		};
		7712E9C22A438A52006B5142 /* Build configuration list for PBXNativeTarget "AtlasGoogleCloud" */ = {
			isa = XCConfigurationList;
			buildConfigurations = (
				7712E9C32A438A52006B5142 /* Debug */,
				7712E9C42A438A52006B5142 /* Release */,
			);
			defaultConfigurationIsVisible = 0;
			defaultConfigurationName = Debug;
		};
/* End XCConfigurationList section */

/* Begin XCRemoteSwiftPackageReference section */
		777F023C2A459A2C0056A392 /* XCRemoteSwiftPackageReference "KeychainAccess" */ = {
			isa = XCRemoteSwiftPackageReference;
			repositoryURL = "https://github.com/kishikawakatsumi/KeychainAccess";
			requirement = {
				branch = master;
				kind = branch;
			};
		};
/* End XCRemoteSwiftPackageReference section */

/* Begin XCSwiftPackageProductDependency section */
		777F023D2A459A2C0056A392 /* KeychainAccess */ = {
			isa = XCSwiftPackageProductDependency;
			package = 777F023C2A459A2C0056A392 /* XCRemoteSwiftPackageReference "KeychainAccess" */;
			productName = KeychainAccess;
		};
/* End XCSwiftPackageProductDependency section */
	};
	rootObject = 7712E9AC2A438A51006B5142 /* Project object */;
}
